// !$*UTF8*$!
{
	archiveVersion = 1;
	classes = {
	};
	objectVersion = 56;
	objects = {

/* Begin PBXBuildFile section */
		E0EB247F28DD98B30086BC7B /* MemoAppApp.swift in Sources */ = {isa = PBXBuildFile; fileRef = E0EB247E28DD98B30086BC7B /* MemoAppApp.swift */; };
		E0EB248128DD98B30086BC7B /* HomeView.swift in Sources */ = {isa = PBXBuildFile; fileRef = E0EB248028DD98B30086BC7B /* HomeView.swift */; };
		E0EB248328DD98B40086BC7B /* Assets.xcassets in Resources */ = {isa = PBXBuildFile; fileRef = E0EB248228DD98B40086BC7B /* Assets.xcassets */; };
		E0EB248628DD98B40086BC7B /* Preview Assets.xcassets in Resources */ = {isa = PBXBuildFile; fileRef = E0EB248528DD98B40086BC7B /* Preview Assets.xcassets */; };
		E0EB249028DD98F60086BC7B /* MemoModel.swift in Sources */ = {isa = PBXBuildFile; fileRef = E0EB248F28DD98F60086BC7B /* MemoModel.swift */; };
		E0EB249228DD991C0086BC7B /* MemoViewModel.swift in Sources */ = {isa = PBXBuildFile; fileRef = E0EB249128DD991C0086BC7B /* MemoViewModel.swift */; };
		E0EB249528DD996C0086BC7B /* ColorExtension.swift in Sources */ = {isa = PBXBuildFile; fileRef = E0EB249428DD996C0086BC7B /* ColorExtension.swift */; };
		E0EB249728DD99CC0086BC7B /* MemoDetailView.swift in Sources */ = {isa = PBXBuildFile; fileRef = E0EB249628DD99CC0086BC7B /* MemoDetailView.swift */; };
		E0EB249928DD9A0A0086BC7B /* MemoListView.swift in Sources */ = {isa = PBXBuildFile; fileRef = E0EB249828DD9A0A0086BC7B /* MemoListView.swift */; };
		E0EB249B28DD9A300086BC7B /* MemoRowView.swift in Sources */ = {isa = PBXBuildFile; fileRef = E0EB249A28DD9A300086BC7B /* MemoRowView.swift */; };
		E0EB249D28DD9A640086BC7B /* NewMemoView.swift in Sources */ = {isa = PBXBuildFile; fileRef = E0EB249C28DD9A640086BC7B /* NewMemoView.swift */; };
/* End PBXBuildFile section */

/* Begin PBXFileReference section */
		E0EB247B28DD98B30086BC7B /* MemoApp.app */ = {isa = PBXFileReference; explicitFileType = wrapper.application; includeInIndex = 0; path = MemoApp.app; sourceTree = BUILT_PRODUCTS_DIR; };
		E0EB247E28DD98B30086BC7B /* MemoAppApp.swift */ = {isa = PBXFileReference; lastKnownFileType = sourcecode.swift; path = MemoAppApp.swift; sourceTree = "<group>"; };
		E0EB248028DD98B30086BC7B /* HomeView.swift */ = {isa = PBXFileReference; lastKnownFileType = sourcecode.swift; path = HomeView.swift; sourceTree = "<group>"; };
		E0EB248228DD98B40086BC7B /* Assets.xcassets */ = {isa = PBXFileReference; lastKnownFileType = folder.assetcatalog; path = Assets.xcassets; sourceTree = "<group>"; };
		E0EB248528DD98B40086BC7B /* Preview Assets.xcassets */ = {isa = PBXFileReference; lastKnownFileType = folder.assetcatalog; path = "Preview Assets.xcassets"; sourceTree = "<group>"; };
		E0EB248F28DD98F60086BC7B /* MemoModel.swift */ = {isa = PBXFileReference; lastKnownFileType = sourcecode.swift; path = MemoModel.swift; sourceTree = "<group>"; };
		E0EB249128DD991C0086BC7B /* MemoViewModel.swift */ = {isa = PBXFileReference; lastKnownFileType = sourcecode.swift; path = MemoViewModel.swift; sourceTree = "<group>"; };
		E0EB249428DD996C0086BC7B /* ColorExtension.swift */ = {isa = PBXFileReference; lastKnownFileType = sourcecode.swift; path = ColorExtension.swift; sourceTree = "<group>"; };
		E0EB249628DD99CC0086BC7B /* MemoDetailView.swift */ = {isa = PBXFileReference; lastKnownFileType = sourcecode.swift; path = MemoDetailView.swift; sourceTree = "<group>"; };
		E0EB249828DD9A0A0086BC7B /* MemoListView.swift */ = {isa = PBXFileReference; lastKnownFileType = sourcecode.swift; path = MemoListView.swift; sourceTree = "<group>"; };
		E0EB249A28DD9A300086BC7B /* MemoRowView.swift */ = {isa = PBXFileReference; lastKnownFileType = sourcecode.swift; path = MemoRowView.swift; sourceTree = "<group>"; };
		E0EB249C28DD9A640086BC7B /* NewMemoView.swift */ = {isa = PBXFileReference; lastKnownFileType = sourcecode.swift; path = NewMemoView.swift; sourceTree = "<group>"; };
/* End PBXFileReference section */

/* Begin PBXFrameworksBuildPhase section */
		E0EB247828DD98B30086BC7B /* Frameworks */ = {
			isa = PBXFrameworksBuildPhase;
			buildActionMask = 2147483647;
			files = (
			);
			runOnlyForDeploymentPostprocessing = 0;
		};
/* End PBXFrameworksBuildPhase section */

/* Begin PBXGroup section */
		E0EB247228DD98B30086BC7B = {
			isa = PBXGroup;
			children = (
				E0EB247D28DD98B30086BC7B /* MemoApp */,
				E0EB247C28DD98B30086BC7B /* Products */,
			);
			sourceTree = "<group>";
		};
		E0EB247C28DD98B30086BC7B /* Products */ = {
			isa = PBXGroup;
			children = (
				E0EB247B28DD98B30086BC7B /* MemoApp.app */,
			);
			name = Products;
			sourceTree = "<group>";
		};
		E0EB247D28DD98B30086BC7B /* MemoApp */ = {
			isa = PBXGroup;
			children = (
				E0EB247E28DD98B30086BC7B /* MemoAppApp.swift */,
				E0EB248C28DD98C30086BC7B /* Views */,
				E0EB248D28DD98CA0086BC7B /* ViewModels */,
				E0EB248E28DD98D20086BC7B /* Models */,
				E0EB248228DD98B40086BC7B /* Assets.xcassets */,
				E0EB248428DD98B40086BC7B /* Preview Content */,
			);
			path = MemoApp;
			sourceTree = "<group>";
		};
		E0EB248428DD98B40086BC7B /* Preview Content */ = {
			isa = PBXGroup;
			children = (
				E0EB248528DD98B40086BC7B /* Preview Assets.xcassets */,
			);
			path = "Preview Content";
			sourceTree = "<group>";
		};
		E0EB248C28DD98C30086BC7B /* Views */ = {
			isa = PBXGroup;
			children = (
				E0EB248028DD98B30086BC7B /* HomeView.swift */,
				E0EB249628DD99CC0086BC7B /* MemoDetailView.swift */,
				E0EB249A28DD9A300086BC7B /* MemoRowView.swift */,
				E0EB249C28DD9A640086BC7B /* NewMemoView.swift */,
				E0EB249828DD9A0A0086BC7B /* MemoListView.swift */,
				E0EB249328DD994E0086BC7B /* Extensions */,
			);
			path = Views;
			sourceTree = "<group>";
		};
		E0EB248D28DD98CA0086BC7B /* ViewModels */ = {
			isa = PBXGroup;
			children = (
				E0EB249128DD991C0086BC7B /* MemoViewModel.swift */,
			);
			path = ViewModels;
			sourceTree = "<group>";
		};
		E0EB248E28DD98D20086BC7B /* Models */ = {
			isa = PBXGroup;
			children = (
				E0EB248F28DD98F60086BC7B /* MemoModel.swift */,
			);
			path = Models;
			sourceTree = "<group>";
		};
		E0EB249328DD994E0086BC7B /* Extensions */ = {
			isa = PBXGroup;
			children = (
				E0EB249428DD996C0086BC7B /* ColorExtension.swift */,
			);
			path = Extensions;
			sourceTree = "<group>";
		};
/* End PBXGroup section */

/* Begin PBXNativeTarget section */
		E0EB247A28DD98B30086BC7B /* MemoApp */ = {
			isa = PBXNativeTarget;
			buildConfigurationList = E0EB248928DD98B40086BC7B /* Build configuration list for PBXNativeTarget "MemoApp" */;
			buildPhases = (
				E0EB247728DD98B30086BC7B /* Sources */,
				E0EB247828DD98B30086BC7B /* Frameworks */,
				E0EB247928DD98B30086BC7B /* Resources */,
			);
			buildRules = (
			);
			dependencies = (
			);
			name = MemoApp;
			productName = MemoApp;
			productReference = E0EB247B28DD98B30086BC7B /* MemoApp.app */;
			productType = "com.apple.product-type.application";
		};
/* End PBXNativeTarget section */

/* Begin PBXProject section */
		E0EB247328DD98B30086BC7B /* Project object */ = {
			isa = PBXProject;
			attributes = {
				BuildIndependentTargetsInParallel = 1;
				LastSwiftUpdateCheck = 1400;
				LastUpgradeCheck = 1400;
				TargetAttributes = {
					E0EB247A28DD98B30086BC7B = {
						CreatedOnToolsVersion = 14.0;
					};
				};
			};
			buildConfigurationList = E0EB247628DD98B30086BC7B /* Build configuration list for PBXProject "MemoApp" */;
			compatibilityVersion = "Xcode 14.0";
			developmentRegion = en;
			hasScannedForEncodings = 0;
			knownRegions = (
				en,
				Base,
			);
			mainGroup = E0EB247228DD98B30086BC7B;
			productRefGroup = E0EB247C28DD98B30086BC7B /* Products */;
			projectDirPath = "";
			projectRoot = "";
			targets = (
				E0EB247A28DD98B30086BC7B /* MemoApp */,
			);
		};
/* End PBXProject section */

/* Begin PBXResourcesBuildPhase section */
		E0EB247928DD98B30086BC7B /* Resources */ = {
			isa = PBXResourcesBuildPhase;
			buildActionMask = 2147483647;
			files = (
				E0EB248628DD98B40086BC7B /* Preview Assets.xcassets in Resources */,
				E0EB248328DD98B40086BC7B /* Assets.xcassets in Resources */,
			);
			runOnlyForDeploymentPostprocessing = 0;
		};
/* End PBXResourcesBuildPhase section */

/* Begin PBXSourcesBuildPhase section */
		E0EB247728DD98B30086BC7B /* Sources */ = {
			isa = PBXSourcesBuildPhase;
			buildActionMask = 2147483647;
			files = (
				E0EB249228DD991C0086BC7B /* MemoViewModel.swift in Sources */,
				E0EB248128DD98B30086BC7B /* HomeView.swift in Sources */,
				E0EB247F28DD98B30086BC7B /* MemoAppApp.swift in Sources */,
				E0EB249728DD99CC0086BC7B /* MemoDetailView.swift in Sources */,
				E0EB249928DD9A0A0086BC7B /* MemoListView.swift in Sources */,
				E0EB249B28DD9A300086BC7B /* MemoRowView.swift in Sources */,
				E0EB249D28DD9A640086BC7B /* NewMemoView.swift in Sources */,
				E0EB249028DD98F60086BC7B /* MemoModel.swift in Sources */,
				E0EB249528DD996C0086BC7B /* ColorExtension.swift in Sources */,
			);
			runOnlyForDeploymentPostprocessing = 0;
		};
/* End PBXSourcesBuildPhase section */

/* Begin XCBuildConfiguration section */
		E0EB248728DD98B40086BC7B /* Debug */ = {
			isa = XCBuildConfiguration;
			buildSettings = {
				ALWAYS_SEARCH_USER_PATHS = NO;
				CLANG_ANALYZER_NONNULL = YES;
				CLANG_ANALYZER_NUMBER_OBJECT_CONVERSION = YES_AGGRESSIVE;
				CLANG_CXX_LANGUAGE_STANDARD = "gnu++20";
				CLANG_ENABLE_MODULES = YES;
				CLANG_ENABLE_OBJC_ARC = YES;
				CLANG_ENABLE_OBJC_WEAK = YES;
				CLANG_WARN_BLOCK_CAPTURE_AUTORELEASING = YES;
				CLANG_WARN_BOOL_CONVERSION = YES;
				CLANG_WARN_COMMA = YES;
				CLANG_WARN_CONSTANT_CONVERSION = YES;
				CLANG_WARN_DEPRECATED_OBJC_IMPLEMENTATIONS = YES;
				CLANG_WARN_DIRECT_OBJC_ISA_USAGE = YES_ERROR;
				CLANG_WARN_DOCUMENTATION_COMMENTS = YES;
				CLANG_WARN_EMPTY_BODY = YES;
				CLANG_WARN_ENUM_CONVERSION = YES;
				CLANG_WARN_INFINITE_RECURSION = YES;
				CLANG_WARN_INT_CONVERSION = YES;
				CLANG_WARN_NON_LITERAL_NULL_CONVERSION = YES;
				CLANG_WARN_OBJC_IMPLICIT_RETAIN_SELF = YES;
				CLANG_WARN_OBJC_LITERAL_CONVERSION = YES;
				CLANG_WARN_OBJC_ROOT_CLASS = YES_ERROR;
				CLANG_WARN_QUOTED_INCLUDE_IN_FRAMEWORK_HEADER = YES;
				CLANG_WARN_RANGE_LOOP_ANALYSIS = YES;
				CLANG_WARN_STRICT_PROTOTYPES = YES;
				CLANG_WARN_SUSPICIOUS_MOVE = YES;
				CLANG_WARN_UNGUARDED_AVAILABILITY = YES_AGGRESSIVE;
				CLANG_WARN_UNREACHABLE_CODE = YES;
				CLANG_WARN__DUPLICATE_METHOD_MATCH = YES;
				COPY_PHASE_STRIP = NO;
				DEBUG_INFORMATION_FORMAT = dwarf;
				ENABLE_STRICT_OBJC_MSGSEND = YES;
				ENABLE_TESTABILITY = YES;
				GCC_C_LANGUAGE_STANDARD = gnu11;
				GCC_DYNAMIC_NO_PIC = NO;
				GCC_NO_COMMON_BLOCKS = YES;
				GCC_OPTIMIZATION_LEVEL = 0;
				GCC_PREPROCESSOR_DEFINITIONS = (
					"DEBUG=1",
					"$(inherited)",
				);
				GCC_WARN_64_TO_32_BIT_CONVERSION = YES;
				GCC_WARN_ABOUT_RETURN_TYPE = YES_ERROR;
				GCC_WARN_UNDECLARED_SELECTOR = YES;
				GCC_WARN_UNINITIALIZED_AUTOS = YES_AGGRESSIVE;
				GCC_WARN_UNUSED_FUNCTION = YES;
				GCC_WARN_UNUSED_VARIABLE = YES;
				IPHONEOS_DEPLOYMENT_TARGET = 16.0;
				MTL_ENABLE_DEBUG_INFO = INCLUDE_SOURCE;
				MTL_FAST_MATH = YES;
				ONLY_ACTIVE_ARCH = YES;
				SDKROOT = iphoneos;
				SWIFT_ACTIVE_COMPILATION_CONDITIONS = DEBUG;
				SWIFT_OPTIMIZATION_LEVEL = "-Onone";
			};
			name = Debug;
		};
		E0EB248828DD98B40086BC7B /* Release */ = {
			isa = XCBuildConfiguration;
			buildSettings = {
				ALWAYS_SEARCH_USER_PATHS = NO;
				CLANG_ANALYZER_NONNULL = YES;
				CLANG_ANALYZER_NUMBER_OBJECT_CONVERSION = YES_AGGRESSIVE;
				CLANG_CXX_LANGUAGE_STANDARD = "gnu++20";
				CLANG_ENABLE_MODULES = YES;
				CLANG_ENABLE_OBJC_ARC = YES;
				CLANG_ENABLE_OBJC_WEAK = YES;
				CLANG_WARN_BLOCK_CAPTURE_AUTORELEASING = YES;
				CLANG_WARN_BOOL_CONVERSION = YES;
				CLANG_WARN_COMMA = YES;
				CLANG_WARN_CONSTANT_CONVERSION = YES;
				CLANG_WARN_DEPRECATED_OBJC_IMPLEMENTATIONS = YES;
				CLANG_WARN_DIRECT_OBJC_ISA_USAGE = YES_ERROR;
				CLANG_WARN_DOCUMENTATION_COMMENTS = YES;
				CLANG_WARN_EMPTY_BODY = YES;
				CLANG_WARN_ENUM_CONVERSION = YES;
				CLANG_WARN_INFINITE_RECURSION = YES;
				CLANG_WARN_INT_CONVERSION = YES;
				CLANG_WARN_NON_LITERAL_NULL_CONVERSION = YES;
				CLANG_WARN_OBJC_IMPLICIT_RETAIN_SELF = YES;
				CLANG_WARN_OBJC_LITERAL_CONVERSION = YES;
				CLANG_WARN_OBJC_ROOT_CLASS = YES_ERROR;
				CLANG_WARN_QUOTED_INCLUDE_IN_FRAMEWORK_HEADER = YES;
				CLANG_WARN_RANGE_LOOP_ANALYSIS = YES;
				CLANG_WARN_STRICT_PROTOTYPES = YES;
				CLANG_WARN_SUSPICIOUS_MOVE = YES;
				CLANG_WARN_UNGUARDED_AVAILABILITY = YES_AGGRESSIVE;
				CLANG_WARN_UNREACHABLE_CODE = YES;
				CLANG_WARN__DUPLICATE_METHOD_MATCH = YES;
				COPY_PHASE_STRIP = NO;
				DEBUG_INFORMATION_FORMAT = "dwarf-with-dsym";
				ENABLE_NS_ASSERTIONS = NO;
				ENABLE_STRICT_OBJC_MSGSEND = YES;
				GCC_C_LANGUAGE_STANDARD = gnu11;
				GCC_NO_COMMON_BLOCKS = YES;
				GCC_WARN_64_TO_32_BIT_CONVERSION = YES;
				GCC_WARN_ABOUT_RETURN_TYPE = YES_ERROR;
				GCC_WARN_UNDECLARED_SELECTOR = YES;
				GCC_WARN_UNINITIALIZED_AUTOS = YES_AGGRESSIVE;
				GCC_WARN_UNUSED_FUNCTION = YES;
				GCC_WARN_UNUSED_VARIABLE = YES;
				IPHONEOS_DEPLOYMENT_TARGET = 16.0;
				MTL_ENABLE_DEBUG_INFO = NO;
				MTL_FAST_MATH = YES;
				SDKROOT = iphoneos;
				SWIFT_COMPILATION_MODE = wholemodule;
				SWIFT_OPTIMIZATION_LEVEL = "-O";
				VALIDATE_PRODUCT = YES;
			};
			name = Release;
		};
		E0EB248A28DD98B40086BC7B /* Debug */ = {
			isa = XCBuildConfiguration;
			buildSettings = {
				ASSETCATALOG_COMPILER_APPICON_NAME = AppIcon;
				ASSETCATALOG_COMPILER_GLOBAL_ACCENT_COLOR_NAME = AccentColor;
				CODE_SIGN_STYLE = Automatic;
				CURRENT_PROJECT_VERSION = 1;
				DEVELOPMENT_ASSET_PATHS = "\"MemoApp/Preview Content\"";
				DEVELOPMENT_TEAM = 75C8G6TM49;
				ENABLE_PREVIEWS = YES;
				GENERATE_INFOPLIST_FILE = YES;
				INFOPLIST_KEY_UIApplicationSceneManifest_Generation = YES;
				INFOPLIST_KEY_UIApplicationSupportsIndirectInputEvents = YES;
				INFOPLIST_KEY_UILaunchScreen_Generation = YES;
				INFOPLIST_KEY_UISupportedInterfaceOrientations_iPad = "UIInterfaceOrientationPortrait UIInterfaceOrientationPortraitUpsideDown UIInterfaceOrientationLandscapeLeft UIInterfaceOrientationLandscapeRight";
				INFOPLIST_KEY_UISupportedInterfaceOrientations_iPhone = "UIInterfaceOrientationPortrait UIInterfaceOrientationLandscapeLeft UIInterfaceOrientationLandscapeRight";
				LD_RUNPATH_SEARCH_PATHS = (
					"$(inherited)",
					"@executable_path/Frameworks",
				);
				MARKETING_VERSION = 1.0;
				PRODUCT_BUNDLE_IDENTIFIER = "com.-gmail.kennsuke242424ios.MemoApp";
				PRODUCT_NAME = "$(TARGET_NAME)";
				SWIFT_EMIT_LOC_STRINGS = YES;
				SWIFT_VERSION = 5.0;
				TARGETED_DEVICE_FAMILY = "1,2";
			};
			name = Debug;
		};
		E0EB248B28DD98B40086BC7B /* Release */ = {
			isa = XCBuildConfiguration;
			buildSettings = {
				ASSETCATALOG_COMPILER_APPICON_NAME = AppIcon;
				ASSETCATALOG_COMPILER_GLOBAL_ACCENT_COLOR_NAME = AccentColor;
				CODE_SIGN_STYLE = Automatic;
				CURRENT_PROJECT_VERSION = 1;
				DEVELOPMENT_ASSET_PATHS = "\"MemoApp/Preview Content\"";
				DEVELOPMENT_TEAM = 75C8G6TM49;
				ENABLE_PREVIEWS = YES;
				GENERATE_INFOPLIST_FILE = YES;
				INFOPLIST_KEY_UIApplicationSceneManifest_Generation = YES;
				INFOPLIST_KEY_UIApplicationSupportsIndirectInputEvents = YES;
				INFOPLIST_KEY_UILaunchScreen_Generation = YES;
				INFOPLIST_KEY_UISupportedInterfaceOrientations_iPad = "UIInterfaceOrientationPortrait UIInterfaceOrientationPortraitUpsideDown UIInterfaceOrientationLandscapeLeft UIInterfaceOrientationLandscapeRight";
				INFOPLIST_KEY_UISupportedInterfaceOrientations_iPhone = "UIInterfaceOrientationPortrait UIInterfaceOrientationLandscapeLeft UIInterfaceOrientationLandscapeRight";
				LD_RUNPATH_SEARCH_PATHS = (
					"$(inherited)",
					"@executable_path/Frameworks",
				);
				MARKETING_VERSION = 1.0;
				PRODUCT_BUNDLE_IDENTIFIER = "com.-gmail.kennsuke242424ios.MemoApp";
				PRODUCT_NAME = "$(TARGET_NAME)";
				SWIFT_EMIT_LOC_STRINGS = YES;
				SWIFT_VERSION = 5.0;
				TARGETED_DEVICE_FAMILY = "1,2";
			};
			name = Release;
		};
/* End XCBuildConfiguration section */

/* Begin XCConfigurationList section */
		E0EB247628DD98B30086BC7B /* Build configuration list for PBXProject "MemoApp" */ = {
			isa = XCConfigurationList;
			buildConfigurations = (
				E0EB248728DD98B40086BC7B /* Debug */,
				E0EB248828DD98B40086BC7B /* Release */,
			);
			defaultConfigurationIsVisible = 0;
			defaultConfigurationName = Release;
		};
		E0EB248928DD98B40086BC7B /* Build configuration list for PBXNativeTarget "MemoApp" */ = {
			isa = XCConfigurationList;
			buildConfigurations = (
				E0EB248A28DD98B40086BC7B /* Debug */,
				E0EB248B28DD98B40086BC7B /* Release */,
			);
			defaultConfigurationIsVisible = 0;
			defaultConfigurationName = Release;
		};
/* End XCConfigurationList section */
	};
	rootObject = E0EB247328DD98B30086BC7B /* Project object */;
}
